
Microsoft Visual Studio Solution File, Format Version 12.00
# Visual Studio Version 17
VisualStudioVersion = 17.5.33414.496
MinimumVisualStudioVersion = 10.0.40219.1
Project("{FAE04EC0-301F-11D3-BF4B-00C04F79EFBC}") = "CalculatorPastGen", "CalculatorPastGen\CalculatorPastGen.csproj", "{709842EB-A7CB-4D3C-B16C-BDFA5D65BFFD}"
EndProject
Global
	GlobalSection(SolutionConfigurationPlatforms) = preSolution
		Debug|Any CPU = Debug|Any CPU
		Release|Any CPU = Release|Any CPU
	EndGlobalSection
	GlobalSection(ProjectConfigurationPlatforms) = postSolution
		{709842EB-A7CB-4D3C-B16C-BDFA5D65BFFD}.Debug|Any CPU.ActiveCfg = Debug|Any CPU
		{709842EB-A7CB-4D3C-B16C-BDFA5D65BFFD}.Debug|Any CPU.Build.0 = Debug|Any CPU
		{709842EB-A7CB-4D3C-B16C-BDFA5D65BFFD}.Release|Any CPU.ActiveCfg = Release|Any CPU
		{709842EB-A7CB-4D3C-B16C-BDFA5D65BFFD}.Release|Any CPU.Build.0 = Release|Any CPU
	EndGlobalSection
	GlobalSection(SolutionProperties) = preSolution
		HideSolutionNode = FALSE
	EndGlobalSection
	GlobalSection(ExtensibilityGlobals) = postSolution
		SolutionGuid = {F659AE9B-D2FA-43BC-9071-9386D276C8C3}
	EndGlobalSection
EndGlobal
